
Microsoft Visual Studio Solution File, Format Version 12.00
# Visual Studio Version 16
VisualStudioVersion = 16.0.31313.79
MinimumVisualStudioVersion = 10.0.40219.1
Project("{FAE04EC0-301F-11D3-BF4B-00C04F79EFBC}") = "REC-14", "REC-14\REC-14.csproj", "{11C6ABCD-F355-4D19-9B00-6E3B8140555B}"
EndProject
Global
	GlobalSection(SolutionConfigurationPlatforms) = preSolution
		Debug|Any CPU = Debug|Any CPU
		Release|Any CPU = Release|Any CPU
	EndGlobalSection
	GlobalSection(ProjectConfigurationPlatforms) = postSolution
		{11C6ABCD-F355-4D19-9B00-6E3B8140555B}.Debug|Any CPU.ActiveCfg = Debug|Any CPU
		{11C6ABCD-F355-4D19-9B00-6E3B8140555B}.Debug|Any CPU.Build.0 = Debug|Any CPU
		{11C6ABCD-F355-4D19-9B00-6E3B8140555B}.Release|Any CPU.ActiveCfg = Release|Any CPU
		{11C6ABCD-F355-4D19-9B00-6E3B8140555B}.Release|Any CPU.Build.0 = Release|Any CPU
	EndGlobalSection
	GlobalSection(SolutionProperties) = preSolution
		HideSolutionNode = FALSE
	EndGlobalSection
	GlobalSection(ExtensibilityGlobals) = postSolution
		SolutionGuid = {3ABABEDD-9FAD-4049-A8B4-B73A3FB35807}
	EndGlobalSection
EndGlobal
